// !$*UTF8*$!
{
	archiveVersion = 1;
	classes = {
	};
	objectVersion = 50;
	objects = {

/* Begin PBXBuildFile section */
		C147F740245FD18100CDB363 /* AppDelegate.swift in Sources */ = {isa = PBXBuildFile; fileRef = C147F73F245FD18100CDB363 /* AppDelegate.swift */; };
		C147F742245FD18100CDB363 /* SceneDelegate.swift in Sources */ = {isa = PBXBuildFile; fileRef = C147F741245FD18100CDB363 /* SceneDelegate.swift */; };
		C147F746245FD18300CDB363 /* Assets.xcassets in Resources */ = {isa = PBXBuildFile; fileRef = C147F745245FD18300CDB363 /* Assets.xcassets */; };
		C147F749245FD18300CDB363 /* Preview Assets.xcassets in Resources */ = {isa = PBXBuildFile; fileRef = C147F748245FD18300CDB363 /* Preview Assets.xcassets */; };
		C147F74C245FD18300CDB363 /* LaunchScreen.storyboard in Resources */ = {isa = PBXBuildFile; fileRef = C147F74A245FD18300CDB363 /* LaunchScreen.storyboard */; };
		C191F03724A01D5600E78D71 /* Screen1Phone.swift in Sources */ = {isa = PBXBuildFile; fileRef = C191F03624A01D5600E78D71 /* Screen1Phone.swift */; };
		C191F03924A021B400E78D71 /* Screen2Verification.swift in Sources */ = {isa = PBXBuildFile; fileRef = C191F03824A021B400E78D71 /* Screen2Verification.swift */; };
		C191F03B24A0277E00E78D71 /* OnboardingModel.swift in Sources */ = {isa = PBXBuildFile; fileRef = C191F03A24A0277E00E78D71 /* OnboardingModel.swift */; };
		C191F03D24A0372E00E78D71 /* Screen3NameEmail.swift in Sources */ = {isa = PBXBuildFile; fileRef = C191F03C24A0372E00E78D71 /* Screen3NameEmail.swift */; };
		C191F03F24A03D5700E78D71 /* Screen4CompanyInfo.swift in Sources */ = {isa = PBXBuildFile; fileRef = C191F03E24A03D5700E78D71 /* Screen4CompanyInfo.swift */; };
		C191F04124A040A800E78D71 /* Screen5Final.swift in Sources */ = {isa = PBXBuildFile; fileRef = C191F04024A040A800E78D71 /* Screen5Final.swift */; };
		C1FCBCEB248DFC5F005ACA30 /* FlowController.swift in Sources */ = {isa = PBXBuildFile; fileRef = C1FCBCEA248DFC5F005ACA30 /* FlowController.swift */; };
		C1FCBCED248DFCA7005ACA30 /* FlowControllerView.swift in Sources */ = {isa = PBXBuildFile; fileRef = C1FCBCEC248DFCA7005ACA30 /* FlowControllerView.swift */; };
		C1FCBCEF248DFCD8005ACA30 /* Flow.swift in Sources */ = {isa = PBXBuildFile; fileRef = C1FCBCEE248DFCD8005ACA30 /* Flow.swift */; };
/* End PBXBuildFile section */

/* Begin PBXFileReference section */
		C147F73C245FD18100CDB363 /* NavigationFlow.app */ = {isa = PBXFileReference; explicitFileType = wrapper.application; includeInIndex = 0; path = NavigationFlow.app; sourceTree = BUILT_PRODUCTS_DIR; };
		C147F73F245FD18100CDB363 /* AppDelegate.swift */ = {isa = PBXFileReference; lastKnownFileType = sourcecode.swift; path = AppDelegate.swift; sourceTree = "<group>"; };
		C147F741245FD18100CDB363 /* SceneDelegate.swift */ = {isa = PBXFileReference; lastKnownFileType = sourcecode.swift; path = SceneDelegate.swift; sourceTree = "<group>"; };
		C147F745245FD18300CDB363 /* Assets.xcassets */ = {isa = PBXFileReference; lastKnownFileType = folder.assetcatalog; path = Assets.xcassets; sourceTree = "<group>"; };
		C147F748245FD18300CDB363 /* Preview Assets.xcassets */ = {isa = PBXFileReference; lastKnownFileType = folder.assetcatalog; path = "Preview Assets.xcassets"; sourceTree = "<group>"; };
		C147F74B245FD18300CDB363 /* Base */ = {isa = PBXFileReference; lastKnownFileType = file.storyboard; name = Base; path = Base.lproj/LaunchScreen.storyboard; sourceTree = "<group>"; };
		C147F74D245FD18300CDB363 /* Info.plist */ = {isa = PBXFileReference; lastKnownFileType = text.plist.xml; path = Info.plist; sourceTree = "<group>"; };
		C191F03624A01D5600E78D71 /* Screen1Phone.swift */ = {isa = PBXFileReference; lastKnownFileType = sourcecode.swift; path = Screen1Phone.swift; sourceTree = "<group>"; };
		C191F03824A021B400E78D71 /* Screen2Verification.swift */ = {isa = PBXFileReference; lastKnownFileType = sourcecode.swift; path = Screen2Verification.swift; sourceTree = "<group>"; };
		C191F03A24A0277E00E78D71 /* OnboardingModel.swift */ = {isa = PBXFileReference; lastKnownFileType = sourcecode.swift; path = OnboardingModel.swift; sourceTree = "<group>"; };
		C191F03C24A0372E00E78D71 /* Screen3NameEmail.swift */ = {isa = PBXFileReference; lastKnownFileType = sourcecode.swift; path = Screen3NameEmail.swift; sourceTree = "<group>"; };
		C191F03E24A03D5700E78D71 /* Screen4CompanyInfo.swift */ = {isa = PBXFileReference; lastKnownFileType = sourcecode.swift; path = Screen4CompanyInfo.swift; sourceTree = "<group>"; };
		C191F04024A040A800E78D71 /* Screen5Final.swift */ = {isa = PBXFileReference; lastKnownFileType = sourcecode.swift; path = Screen5Final.swift; sourceTree = "<group>"; };
		C1FCBCEA248DFC5F005ACA30 /* FlowController.swift */ = {isa = PBXFileReference; lastKnownFileType = sourcecode.swift; path = FlowController.swift; sourceTree = "<group>"; };
		C1FCBCEC248DFCA7005ACA30 /* FlowControllerView.swift */ = {isa = PBXFileReference; lastKnownFileType = sourcecode.swift; path = FlowControllerView.swift; sourceTree = "<group>"; };
		C1FCBCEE248DFCD8005ACA30 /* Flow.swift */ = {isa = PBXFileReference; lastKnownFileType = sourcecode.swift; path = Flow.swift; sourceTree = "<group>"; };
/* End PBXFileReference section */

/* Begin PBXFrameworksBuildPhase section */
		C147F739245FD18100CDB363 /* Frameworks */ = {
			isa = PBXFrameworksBuildPhase;
			buildActionMask = 2147483647;
			files = (
			);
			runOnlyForDeploymentPostprocessing = 0;
		};
/* End PBXFrameworksBuildPhase section */

/* Begin PBXGroup section */
		C147F733245FD18100CDB363 = {
			isa = PBXGroup;
			children = (
				C147F73E245FD18100CDB363 /* NavigationFlow */,
				C147F73D245FD18100CDB363 /* Products */,
			);
			sourceTree = "<group>";
		};
		C147F73D245FD18100CDB363 /* Products */ = {
			isa = PBXGroup;
			children = (
				C147F73C245FD18100CDB363 /* NavigationFlow.app */,
			);
			name = Products;
			sourceTree = "<group>";
		};
		C147F73E245FD18100CDB363 /* NavigationFlow */ = {
			isa = PBXGroup;
			children = (
				C147F73F245FD18100CDB363 /* AppDelegate.swift */,
				C147F741245FD18100CDB363 /* SceneDelegate.swift */,
				C1FCBCEE248DFCD8005ACA30 /* Flow.swift */,
				C1FCBCEA248DFC5F005ACA30 /* FlowController.swift */,
				C1FCBCEC248DFCA7005ACA30 /* FlowControllerView.swift */,
				C191F03A24A0277E00E78D71 /* OnboardingModel.swift */,
				C191F04224A0424000E78D71 /* Screens and VMs */,
				C147F745245FD18300CDB363 /* Assets.xcassets */,
				C147F74A245FD18300CDB363 /* LaunchScreen.storyboard */,
				C147F74D245FD18300CDB363 /* Info.plist */,
				C147F747245FD18300CDB363 /* Preview Content */,
			);
			path = NavigationFlow;
			sourceTree = "<group>";
		};
		C147F747245FD18300CDB363 /* Preview Content */ = {
			isa = PBXGroup;
			children = (
				C147F748245FD18300CDB363 /* Preview Assets.xcassets */,
			);
			path = "Preview Content";
			sourceTree = "<group>";
		};
		C191F04224A0424000E78D71 /* Screens and VMs */ = {
			isa = PBXGroup;
			children = (
				C191F03624A01D5600E78D71 /* Screen1Phone.swift */,
				C191F03824A021B400E78D71 /* Screen2Verification.swift */,
				C191F03C24A0372E00E78D71 /* Screen3NameEmail.swift */,
				C191F03E24A03D5700E78D71 /* Screen4CompanyInfo.swift */,
				C191F04024A040A800E78D71 /* Screen5Final.swift */,
			);
			name = "Screens and VMs";
			sourceTree = "<group>";
		};
/* End PBXGroup section */

/* Begin PBXNativeTarget section */
		C147F73B245FD18100CDB363 /* NavigationFlow */ = {
			isa = PBXNativeTarget;
			buildConfigurationList = C147F750245FD18300CDB363 /* Build configuration list for PBXNativeTarget "NavigationFlow" */;
			buildPhases = (
				C147F738245FD18100CDB363 /* Sources */,
				C147F739245FD18100CDB363 /* Frameworks */,
				C147F73A245FD18100CDB363 /* Resources */,
			);
			buildRules = (
			);
			dependencies = (
			);
			name = NavigationFlow;
			productName = NavigationFlow;
			productReference = C147F73C245FD18100CDB363 /* NavigationFlow.app */;
			productType = "com.apple.product-type.application";
		};
/* End PBXNativeTarget section */

/* Begin PBXProject section */
		C147F734245FD18100CDB363 /* Project object */ = {
			isa = PBXProject;
			attributes = {
				LastSwiftUpdateCheck = 1140;
				LastUpgradeCheck = 1140;
				ORGANIZATIONNAME = "Nick McConnell";
				TargetAttributes = {
					C147F73B245FD18100CDB363 = {
						CreatedOnToolsVersion = 11.4;
					};
				};
			};
			buildConfigurationList = C147F737245FD18100CDB363 /* Build configuration list for PBXProject "NavigationFlow" */;
			compatibilityVersion = "Xcode 9.3";
			developmentRegion = en;
			hasScannedForEncodings = 0;
			knownRegions = (
				en,
				Base,
			);
			mainGroup = C147F733245FD18100CDB363;
			productRefGroup = C147F73D245FD18100CDB363 /* Products */;
			projectDirPath = "";
			projectRoot = "";
			targets = (
				C147F73B245FD18100CDB363 /* NavigationFlow */,
			);
		};
/* End PBXProject section */

/* Begin PBXResourcesBuildPhase section */
		C147F73A245FD18100CDB363 /* Resources */ = {
			isa = PBXResourcesBuildPhase;
			buildActionMask = 2147483647;
			files = (
				C147F74C245FD18300CDB363 /* LaunchScreen.storyboard in Resources */,
				C147F749245FD18300CDB363 /* Preview Assets.xcassets in Resources */,
				C147F746245FD18300CDB363 /* Assets.xcassets in Resources */,
			);
			runOnlyForDeploymentPostprocessing = 0;
		};
/* End PBXResourcesBuildPhase section */

/* Begin PBXSourcesBuildPhase section */
		C147F738245FD18100CDB363 /* Sources */ = {
			isa = PBXSourcesBuildPhase;
			buildActionMask = 2147483647;
			files = (
				C191F04124A040A800E78D71 /* Screen5Final.swift in Sources */,
				C191F03924A021B400E78D71 /* Screen2Verification.swift in Sources */,
				C191F03F24A03D5700E78D71 /* Screen4CompanyInfo.swift in Sources */,
				C1FCBCED248DFCA7005ACA30 /* FlowControllerView.swift in Sources */,
				C147F740245FD18100CDB363 /* AppDelegate.swift in Sources */,
				C191F03724A01D5600E78D71 /* Screen1Phone.swift in Sources */,
				C191F03D24A0372E00E78D71 /* Screen3NameEmail.swift in Sources */,
				C191F03B24A0277E00E78D71 /* OnboardingModel.swift in Sources */,
				C1FCBCEF248DFCD8005ACA30 /* Flow.swift in Sources */,
				C147F742245FD18100CDB363 /* SceneDelegate.swift in Sources */,
				C1FCBCEB248DFC5F005ACA30 /* FlowController.swift in Sources */,
			);
			runOnlyForDeploymentPostprocessing = 0;
		};
/* End PBXSourcesBuildPhase section */

/* Begin PBXVariantGroup section */
		C147F74A245FD18300CDB363 /* LaunchScreen.storyboard */ = {
			isa = PBXVariantGroup;
			children = (
				C147F74B245FD18300CDB363 /* Base */,
			);
			name = LaunchScreen.storyboard;
			sourceTree = "<group>";
		};
/* End PBXVariantGroup section */

/* Begin XCBuildConfiguration section */
		C147F74E245FD18300CDB363 /* Debug */ = {
			isa = XCBuildConfiguration;
			buildSettings = {
				ALWAYS_SEARCH_USER_PATHS = NO;
				CLANG_ANALYZER_NONNULL = YES;
				CLANG_ANALYZER_NUMBER_OBJECT_CONVERSION = YES_AGGRESSIVE;
				CLANG_CXX_LANGUAGE_STANDARD = "gnu++14";
				CLANG_CXX_LIBRARY = "libc++";
				CLANG_ENABLE_MODULES = YES;
				CLANG_ENABLE_OBJC_ARC = YES;
				CLANG_ENABLE_OBJC_WEAK = YES;
				CLANG_WARN_BLOCK_CAPTURE_AUTORELEASING = YES;
				CLANG_WARN_BOOL_CONVERSION = YES;
				CLANG_WARN_COMMA = YES;
				CLANG_WARN_CONSTANT_CONVERSION = YES;
				CLANG_WARN_DEPRECATED_OBJC_IMPLEMENTATIONS = YES;
				CLANG_WARN_DIRECT_OBJC_ISA_USAGE = YES_ERROR;
				CLANG_WARN_DOCUMENTATION_COMMENTS = YES;
				CLANG_WARN_EMPTY_BODY = YES;
				CLANG_WARN_ENUM_CONVERSION = YES;
				CLANG_WARN_INFINITE_RECURSION = YES;
				CLANG_WARN_INT_CONVERSION = YES;
				CLANG_WARN_NON_LITERAL_NULL_CONVERSION = YES;
				CLANG_WARN_OBJC_IMPLICIT_RETAIN_SELF = YES;
				CLANG_WARN_OBJC_LITERAL_CONVERSION = YES;
				CLANG_WARN_OBJC_ROOT_CLASS = YES_ERROR;
				CLANG_WARN_RANGE_LOOP_ANALYSIS = YES;
				CLANG_WARN_STRICT_PROTOTYPES = YES;
				CLANG_WARN_SUSPICIOUS_MOVE = YES;
				CLANG_WARN_UNGUARDED_AVAILABILITY = YES_AGGRESSIVE;
				CLANG_WARN_UNREACHABLE_CODE = YES;
				CLANG_WARN__DUPLICATE_METHOD_MATCH = YES;
				COPY_PHASE_STRIP = NO;
				DEBUG_INFORMATION_FORMAT = dwarf;
				ENABLE_STRICT_OBJC_MSGSEND = YES;
				ENABLE_TESTABILITY = YES;
				GCC_C_LANGUAGE_STANDARD = gnu11;
				GCC_DYNAMIC_NO_PIC = NO;
				GCC_NO_COMMON_BLOCKS = YES;
				GCC_OPTIMIZATION_LEVEL = 0;
				GCC_PREPROCESSOR_DEFINITIONS = (
					"DEBUG=1",
					"$(inherited)",
				);
				GCC_WARN_64_TO_32_BIT_CONVERSION = YES;
				GCC_WARN_ABOUT_RETURN_TYPE = YES_ERROR;
				GCC_WARN_UNDECLARED_SELECTOR = YES;
				GCC_WARN_UNINITIALIZED_AUTOS = YES_AGGRESSIVE;
				GCC_WARN_UNUSED_FUNCTION = YES;
				GCC_WARN_UNUSED_VARIABLE = YES;
				IPHONEOS_DEPLOYMENT_TARGET = 13.4;
				MTL_ENABLE_DEBUG_INFO = INCLUDE_SOURCE;
				MTL_FAST_MATH = YES;
				ONLY_ACTIVE_ARCH = YES;
				SDKROOT = iphoneos;
				SWIFT_ACTIVE_COMPILATION_CONDITIONS = DEBUG;
				SWIFT_OPTIMIZATION_LEVEL = "-Onone";
			};
			name = Debug;
		};
		C147F74F245FD18300CDB363 /* Release */ = {
			isa = XCBuildConfiguration;
			buildSettings = {
				ALWAYS_SEARCH_USER_PATHS = NO;
				CLANG_ANALYZER_NONNULL = YES;
				CLANG_ANALYZER_NUMBER_OBJECT_CONVERSION = YES_AGGRESSIVE;
				CLANG_CXX_LANGUAGE_STANDARD = "gnu++14";
				CLANG_CXX_LIBRARY = "libc++";
				CLANG_ENABLE_MODULES = YES;
				CLANG_ENABLE_OBJC_ARC = YES;
				CLANG_ENABLE_OBJC_WEAK = YES;
				CLANG_WARN_BLOCK_CAPTURE_AUTORELEASING = YES;
				CLANG_WARN_BOOL_CONVERSION = YES;
				CLANG_WARN_COMMA = YES;
				CLANG_WARN_CONSTANT_CONVERSION = YES;
				CLANG_WARN_DEPRECATED_OBJC_IMPLEMENTATIONS = YES;
				CLANG_WARN_DIRECT_OBJC_ISA_USAGE = YES_ERROR;
				CLANG_WARN_DOCUMENTATION_COMMENTS = YES;
				CLANG_WARN_EMPTY_BODY = YES;
				CLANG_WARN_ENUM_CONVERSION = YES;
				CLANG_WARN_INFINITE_RECURSION = YES;
				CLANG_WARN_INT_CONVERSION = YES;
				CLANG_WARN_NON_LITERAL_NULL_CONVERSION = YES;
				CLANG_WARN_OBJC_IMPLICIT_RETAIN_SELF = YES;
				CLANG_WARN_OBJC_LITERAL_CONVERSION = YES;
				CLANG_WARN_OBJC_ROOT_CLASS = YES_ERROR;
				CLANG_WARN_RANGE_LOOP_ANALYSIS = YES;
				CLANG_WARN_STRICT_PROTOTYPES = YES;
				CLANG_WARN_SUSPICIOUS_MOVE = YES;
				CLANG_WARN_UNGUARDED_AVAILABILITY = YES_AGGRESSIVE;
				CLANG_WARN_UNREACHABLE_CODE = YES;
				CLANG_WARN__DUPLICATE_METHOD_MATCH = YES;
				COPY_PHASE_STRIP = NO;
				DEBUG_INFORMATION_FORMAT = "dwarf-with-dsym";
				ENABLE_NS_ASSERTIONS = NO;
				ENABLE_STRICT_OBJC_MSGSEND = YES;
				GCC_C_LANGUAGE_STANDARD = gnu11;
				GCC_NO_COMMON_BLOCKS = YES;
				GCC_WARN_64_TO_32_BIT_CONVERSION = YES;
				GCC_WARN_ABOUT_RETURN_TYPE = YES_ERROR;
				GCC_WARN_UNDECLARED_SELECTOR = YES;
				GCC_WARN_UNINITIALIZED_AUTOS = YES_AGGRESSIVE;
				GCC_WARN_UNUSED_FUNCTION = YES;
				GCC_WARN_UNUSED_VARIABLE = YES;
				IPHONEOS_DEPLOYMENT_TARGET = 13.4;
				MTL_ENABLE_DEBUG_INFO = NO;
				MTL_FAST_MATH = YES;
				SDKROOT = iphoneos;
				SWIFT_COMPILATION_MODE = wholemodule;
				SWIFT_OPTIMIZATION_LEVEL = "-O";
				VALIDATE_PRODUCT = YES;
			};
			name = Release;
		};
		C147F751245FD18300CDB363 /* Debug */ = {
			isa = XCBuildConfiguration;
			buildSettings = {
				ASSETCATALOG_COMPILER_APPICON_NAME = AppIcon;
				CODE_SIGN_STYLE = Automatic;
				DEVELOPMENT_ASSET_PATHS = "\"NavigationFlow/Preview Content\"";
				DEVELOPMENT_TEAM = ER4P375HZA;
				ENABLE_PREVIEWS = YES;
				INFOPLIST_FILE = NavigationFlow/Info.plist;
				LD_RUNPATH_SEARCH_PATHS = (
					"$(inherited)",
					"@executable_path/Frameworks",
				);
				PRODUCT_BUNDLE_IDENTIFIER = SC.NavigationFlow;
				PRODUCT_NAME = "$(TARGET_NAME)";
				SWIFT_VERSION = 5.0;
				TARGETED_DEVICE_FAMILY = "1,2";
			};
			name = Debug;
		};
		C147F752245FD18300CDB363 /* Release */ = {
			isa = XCBuildConfiguration;
			buildSettings = {
				ASSETCATALOG_COMPILER_APPICON_NAME = AppIcon;
				CODE_SIGN_STYLE = Automatic;
				DEVELOPMENT_ASSET_PATHS = "\"NavigationFlow/Preview Content\"";
				DEVELOPMENT_TEAM = ER4P375HZA;
				ENABLE_PREVIEWS = YES;
				INFOPLIST_FILE = NavigationFlow/Info.plist;
				LD_RUNPATH_SEARCH_PATHS = (
					"$(inherited)",
					"@executable_path/Frameworks",
				);
				PRODUCT_BUNDLE_IDENTIFIER = SC.NavigationFlow;
				PRODUCT_NAME = "$(TARGET_NAME)";
				SWIFT_VERSION = 5.0;
				TARGETED_DEVICE_FAMILY = "1,2";
			};
			name = Release;
		};
/* End XCBuildConfiguration section */

/* Begin XCConfigurationList section */
		C147F737245FD18100CDB363 /* Build configuration list for PBXProject "NavigationFlow" */ = {
			isa = XCConfigurationList;
			buildConfigurations = (
				C147F74E245FD18300CDB363 /* Debug */,
				C147F74F245FD18300CDB363 /* Release */,
			);
			defaultConfigurationIsVisible = 0;
			defaultConfigurationName = Release;
		};
		C147F750245FD18300CDB363 /* Build configuration list for PBXNativeTarget "NavigationFlow" */ = {
			isa = XCConfigurationList;
			buildConfigurations = (
				C147F751245FD18300CDB363 /* Debug */,
				C147F752245FD18300CDB363 /* Release */,
			);
			defaultConfigurationIsVisible = 0;
			defaultConfigurationName = Release;
		};
/* End XCConfigurationList section */
	};
	rootObject = C147F734245FD18100CDB363 /* Project object */;
}
